
Microsoft Visual Studio Solution File, Format Version 12.00
Project("{FAE04EC0-301F-11D3-BF4B-00C04F79EFBC}") = "MiniCalc.Term", "MiniCalc.Term\MiniCalc.Term.csproj", "{E3077136-6315-416A-A88C-0C208645B35D}"
EndProject
Project("{FAE04EC0-301F-11D3-BF4B-00C04F79EFBC}") = "MiniCalc.Lib", "MiniCalc.Lib\MiniCalc.Lib.csproj", "{B4CE0312-31CD-47ED-828C-7CB51FA77E28}"
EndProject
Project("{FAE04EC0-301F-11D3-BF4B-00C04F79EFBC}") = "MiniCalc.Web", "MiniCalc.Web\MiniCalc.Web.csproj", "{D367BC8A-5854-4387-BC8C-8DA65F8B0A43}"
EndProject
Global
	GlobalSection(SolutionConfigurationPlatforms) = preSolution
		Debug|Any CPU = Debug|Any CPU
		Release|Any CPU = Release|Any CPU
	EndGlobalSection
	GlobalSection(ProjectConfigurationPlatforms) = postSolution
		{E3077136-6315-416A-A88C-0C208645B35D}.Debug|Any CPU.ActiveCfg = Debug|Any CPU
		{E3077136-6315-416A-A88C-0C208645B35D}.Debug|Any CPU.Build.0 = Debug|Any CPU
		{E3077136-6315-416A-A88C-0C208645B35D}.Release|Any CPU.ActiveCfg = Release|Any CPU
		{E3077136-6315-416A-A88C-0C208645B35D}.Release|Any CPU.Build.0 = Release|Any CPU
		{B4CE0312-31CD-47ED-828C-7CB51FA77E28}.Debug|Any CPU.ActiveCfg = Debug|Any CPU
		{B4CE0312-31CD-47ED-828C-7CB51FA77E28}.Debug|Any CPU.Build.0 = Debug|Any CPU
		{B4CE0312-31CD-47ED-828C-7CB51FA77E28}.Release|Any CPU.ActiveCfg = Release|Any CPU
		{B4CE0312-31CD-47ED-828C-7CB51FA77E28}.Release|Any CPU.Build.0 = Release|Any CPU
		{D367BC8A-5854-4387-BC8C-8DA65F8B0A43}.Debug|Any CPU.ActiveCfg = Debug|Any CPU
		{D367BC8A-5854-4387-BC8C-8DA65F8B0A43}.Debug|Any CPU.Build.0 = Debug|Any CPU
		{D367BC8A-5854-4387-BC8C-8DA65F8B0A43}.Release|Any CPU.ActiveCfg = Release|Any CPU
		{D367BC8A-5854-4387-BC8C-8DA65F8B0A43}.Release|Any CPU.Build.0 = Release|Any CPU
	EndGlobalSection
EndGlobal
